
Microsoft Visual Studio Solution File, Format Version 12.00
# Visual Studio Version 17
VisualStudioVersion = 17.0.31903.59
MinimumVisualStudioVersion = 10.0.40219.1
Project("{FAE04EC0-301F-11D3-BF4B-00C04F79EFBC}") = "ApiGetWay", "ApiGetWay\ApiGetWay.csproj", "{384C8F95-F8AF-773A-44D6-52D3C005482D}"
EndProject
Global
	GlobalSection(SolutionConfigurationPlatforms) = preSolution
		Debug|Any CPU = Debug|Any CPU
		Release|Any CPU = Release|Any CPU
	EndGlobalSection
	GlobalSection(ProjectConfigurationPlatforms) = postSolution
		{384C8F95-F8AF-773A-44D6-52D3C005482D}.Debug|Any CPU.ActiveCfg = Debug|Any CPU
		{384C8F95-F8AF-773A-44D6-52D3C005482D}.Debug|Any CPU.Build.0 = Debug|Any CPU
		{384C8F95-F8AF-773A-44D6-52D3C005482D}.Release|Any CPU.ActiveCfg = Release|Any CPU
		{384C8F95-F8AF-773A-44D6-52D3C005482D}.Release|Any CPU.Build.0 = Release|Any CPU
	EndGlobalSection
	GlobalSection(SolutionProperties) = preSolution
		HideSolutionNode = FALSE
	EndGlobalSection
	GlobalSection(ExtensibilityGlobals) = postSolution
		SolutionGuid = {00EBA288-F914-4B72-8014-C7EC271B5EA9}
	EndGlobalSection
EndGlobal
