
Microsoft Visual Studio Solution File, Format Version 12.00
# Visual Studio Version 17
VisualStudioVersion = 17.0.31903.59
MinimumVisualStudioVersion = 10.0.40219.1
Project("{FAE04EC0-301F-11D3-BF4B-00C04F79EFBC}") = "Diamond.ValuationService.Application", "Diamond.ValuationService\Diamond.ValuationService.Application\Diamond.ValuationService.Application.csproj", "{5A35A4F4-3E3F-C185-E711-7F664B586B50}"
EndProject
Project("{FAE04EC0-301F-11D3-BF4B-00C04F79EFBC}") = "Diamond.ValuationService.Domain", "Diamond.ValuationService\Diamond.ValuationService.Domain\Diamond.ValuationService.Domain.csproj", "{7F08F553-2C38-20D9-6299-950AA51F25AE}"
EndProject
Project("{FAE04EC0-301F-11D3-BF4B-00C04F79EFBC}") = "Diamond.ValuationService.Infrastructure", "Diamond.ValuationService\Diamond.ValuationService.Infrastructure\Diamond.ValuationService.Infrastructure.csproj", "{4FE99525-ED89-D112-9CAA-92C78ADE3935}"
EndProject
Project("{FAE04EC0-301F-11D3-BF4B-00C04F79EFBC}") = "Diamond.ValuationService.Api", "Diamond.ValuationService\Diamond.ValuationService.Api\Diamond.ValuationService.Api.csproj", "{A69725A0-7EA8-7AE2-EB88-D19C6116D455}"
EndProject
Project("{2150E333-8FDC-42A3-9474-1A3956D46DE8}") = "Solution Items", "Solution Items", "{02EA681E-C7D8-13C7-8484-4AC65E1B71E8}"
	ProjectSection(SolutionItems) = preProject
		Diamond.ValuationService\docker-compose.yml = Diamond.ValuationService\docker-compose.yml
		Diamond.ValuationService\Dockerfile = Diamond.ValuationService\Dockerfile
	EndProjectSection
EndProject
Global
	GlobalSection(SolutionConfigurationPlatforms) = preSolution
		Debug|Any CPU = Debug|Any CPU
		Debug|x64 = Debug|x64
		Debug|x86 = Debug|x86
		Release|Any CPU = Release|Any CPU
		Release|x64 = Release|x64
		Release|x86 = Release|x86
	EndGlobalSection
	GlobalSection(ProjectConfigurationPlatforms) = postSolution
		{5A35A4F4-3E3F-C185-E711-7F664B586B50}.Debug|Any CPU.ActiveCfg = Debug|Any CPU
		{5A35A4F4-3E3F-C185-E711-7F664B586B50}.Debug|Any CPU.Build.0 = Debug|Any CPU
		{5A35A4F4-3E3F-C185-E711-7F664B586B50}.Debug|x64.ActiveCfg = Debug|Any CPU
		{5A35A4F4-3E3F-C185-E711-7F664B586B50}.Debug|x64.Build.0 = Debug|Any CPU
		{5A35A4F4-3E3F-C185-E711-7F664B586B50}.Debug|x86.ActiveCfg = Debug|Any CPU
		{5A35A4F4-3E3F-C185-E711-7F664B586B50}.Debug|x86.Build.0 = Debug|Any CPU
		{5A35A4F4-3E3F-C185-E711-7F664B586B50}.Release|Any CPU.ActiveCfg = Release|Any CPU
		{5A35A4F4-3E3F-C185-E711-7F664B586B50}.Release|Any CPU.Build.0 = Release|Any CPU
		{5A35A4F4-3E3F-C185-E711-7F664B586B50}.Release|x64.ActiveCfg = Release|Any CPU
		{5A35A4F4-3E3F-C185-E711-7F664B586B50}.Release|x64.Build.0 = Release|Any CPU
		{5A35A4F4-3E3F-C185-E711-7F664B586B50}.Release|x86.ActiveCfg = Release|Any CPU
		{5A35A4F4-3E3F-C185-E711-7F664B586B50}.Release|x86.Build.0 = Release|Any CPU
		{7F08F553-2C38-20D9-6299-950AA51F25AE}.Debug|Any CPU.ActiveCfg = Debug|Any CPU
		{7F08F553-2C38-20D9-6299-950AA51F25AE}.Debug|Any CPU.Build.0 = Debug|Any CPU
		{7F08F553-2C38-20D9-6299-950AA51F25AE}.Debug|x64.ActiveCfg = Debug|Any CPU
		{7F08F553-2C38-20D9-6299-950AA51F25AE}.Debug|x64.Build.0 = Debug|Any CPU
		{7F08F553-2C38-20D9-6299-950AA51F25AE}.Debug|x86.ActiveCfg = Debug|Any CPU
		{7F08F553-2C38-20D9-6299-950AA51F25AE}.Debug|x86.Build.0 = Debug|Any CPU
		{7F08F553-2C38-20D9-6299-950AA51F25AE}.Release|Any CPU.ActiveCfg = Release|Any CPU
		{7F08F553-2C38-20D9-6299-950AA51F25AE}.Release|Any CPU.Build.0 = Release|Any CPU
		{7F08F553-2C38-20D9-6299-950AA51F25AE}.Release|x64.ActiveCfg = Release|Any CPU
		{7F08F553-2C38-20D9-6299-950AA51F25AE}.Release|x64.Build.0 = Release|Any CPU
		{7F08F553-2C38-20D9-6299-950AA51F25AE}.Release|x86.ActiveCfg = Release|Any CPU
		{7F08F553-2C38-20D9-6299-950AA51F25AE}.Release|x86.Build.0 = Release|Any CPU
		{4FE99525-ED89-D112-9CAA-92C78ADE3935}.Debug|Any CPU.ActiveCfg = Debug|Any CPU
		{4FE99525-ED89-D112-9CAA-92C78ADE3935}.Debug|Any CPU.Build.0 = Debug|Any CPU
		{4FE99525-ED89-D112-9CAA-92C78ADE3935}.Debug|x64.ActiveCfg = Debug|Any CPU
		{4FE99525-ED89-D112-9CAA-92C78ADE3935}.Debug|x64.Build.0 = Debug|Any CPU
		{4FE99525-ED89-D112-9CAA-92C78ADE3935}.Debug|x86.ActiveCfg = Debug|Any CPU
		{4FE99525-ED89-D112-9CAA-92C78ADE3935}.Debug|x86.Build.0 = Debug|Any CPU
		{4FE99525-ED89-D112-9CAA-92C78ADE3935}.Release|Any CPU.ActiveCfg = Release|Any CPU
		{4FE99525-ED89-D112-9CAA-92C78ADE3935}.Release|Any CPU.Build.0 = Release|Any CPU
		{4FE99525-ED89-D112-9CAA-92C78ADE3935}.Release|x64.ActiveCfg = Release|Any CPU
		{4FE99525-ED89-D112-9CAA-92C78ADE3935}.Release|x64.Build.0 = Release|Any CPU
		{4FE99525-ED89-D112-9CAA-92C78ADE3935}.Release|x86.ActiveCfg = Release|Any CPU
		{4FE99525-ED89-D112-9CAA-92C78ADE3935}.Release|x86.Build.0 = Release|Any CPU
		{A69725A0-7EA8-7AE2-EB88-D19C6116D455}.Debug|Any CPU.ActiveCfg = Debug|Any CPU
		{A69725A0-7EA8-7AE2-EB88-D19C6116D455}.Debug|Any CPU.Build.0 = Debug|Any CPU
		{A69725A0-7EA8-7AE2-EB88-D19C6116D455}.Debug|x64.ActiveCfg = Debug|Any CPU
		{A69725A0-7EA8-7AE2-EB88-D19C6116D455}.Debug|x64.Build.0 = Debug|Any CPU
		{A69725A0-7EA8-7AE2-EB88-D19C6116D455}.Debug|x86.ActiveCfg = Debug|Any CPU
		{A69725A0-7EA8-7AE2-EB88-D19C6116D455}.Debug|x86.Build.0 = Debug|Any CPU
		{A69725A0-7EA8-7AE2-EB88-D19C6116D455}.Release|Any CPU.ActiveCfg = Release|Any CPU
		{A69725A0-7EA8-7AE2-EB88-D19C6116D455}.Release|Any CPU.Build.0 = Release|Any CPU
		{A69725A0-7EA8-7AE2-EB88-D19C6116D455}.Release|x64.ActiveCfg = Release|Any CPU
		{A69725A0-7EA8-7AE2-EB88-D19C6116D455}.Release|x64.Build.0 = Release|Any CPU
		{A69725A0-7EA8-7AE2-EB88-D19C6116D455}.Release|x86.ActiveCfg = Release|Any CPU
		{A69725A0-7EA8-7AE2-EB88-D19C6116D455}.Release|x86.Build.0 = Release|Any CPU
	EndGlobalSection
	GlobalSection(SolutionProperties) = preSolution
		HideSolutionNode = FALSE
	EndGlobalSection
	GlobalSection(ExtensibilityGlobals) = postSolution
		SolutionGuid = {61382E5F-C766-48BA-AA8C-4D6CC369AE97}
	EndGlobalSection
EndGlobal
