
Microsoft Visual Studio Solution File, Format Version 12.00
# Visual Studio Version 17
VisualStudioVersion = 17.14.36408.4
MinimumVisualStudioVersion = 10.0.40219.1
Project("{FAE04EC0-301F-11D3-BF4B-00C04F79EFBC}") = "Reporting.Api", "Reporting.Api\Reporting.Api.csproj", "{D14449B9-B48B-446E-B58D-EF11C8FDF669}"
EndProject
Project("{FAE04EC0-301F-11D3-BF4B-00C04F79EFBC}") = "Reporting.Application", "Reporting.Application\Reporting.Application.csproj", "{4961D039-E2F3-4B28-9960-63F1E607F208}"
EndProject
Project("{FAE04EC0-301F-11D3-BF4B-00C04F79EFBC}") = "Reporting.Domain", "Reporting.Domain\Reporting.Domain.csproj", "{313D775D-3A9E-4BF2-85D3-93E05FCDE6E0}"
	ProjectSection(ProjectDependencies) = postProject
		{452BB44C-DE44-4E1A-B3F5-E07B60663707} = {452BB44C-DE44-4E1A-B3F5-E07B60663707}
	EndProjectSection
EndProject
Project("{FAE04EC0-301F-11D3-BF4B-00C04F79EFBC}") = "Reporting.Infrastructure", "Reporting.Infrastructure\Reporting.Infrastructure.csproj", "{3506FE50-695A-4109-93F1-612DCC11619C}"
EndProject
Project("{FAE04EC0-301F-11D3-BF4B-00C04F79EFBC}") = "Reporting.Shared", "Reporting.Shared\Reporting.Shared.csproj", "{452BB44C-DE44-4E1A-B3F5-E07B60663707}"
EndProject
Project("{2150E333-8FDC-42A3-9474-1A3956D46DE8}") = "Solution Items", "Solution Items", "{02EA681E-C7D8-13C7-8484-4AC65E1B71E8}"
	ProjectSection(SolutionItems) = preProject
		.editorconfig = .editorconfig
	EndProjectSection
EndProject
Global
	GlobalSection(SolutionConfigurationPlatforms) = preSolution
		Debug|Any CPU = Debug|Any CPU
		Release|Any CPU = Release|Any CPU
	EndGlobalSection
	GlobalSection(ProjectConfigurationPlatforms) = postSolution
		{D14449B9-B48B-446E-B58D-EF11C8FDF669}.Debug|Any CPU.ActiveCfg = Debug|Any CPU
		{D14449B9-B48B-446E-B58D-EF11C8FDF669}.Debug|Any CPU.Build.0 = Debug|Any CPU
		{D14449B9-B48B-446E-B58D-EF11C8FDF669}.Release|Any CPU.ActiveCfg = Release|Any CPU
		{D14449B9-B48B-446E-B58D-EF11C8FDF669}.Release|Any CPU.Build.0 = Release|Any CPU
		{4961D039-E2F3-4B28-9960-63F1E607F208}.Debug|Any CPU.ActiveCfg = Debug|Any CPU
		{4961D039-E2F3-4B28-9960-63F1E607F208}.Debug|Any CPU.Build.0 = Debug|Any CPU
		{4961D039-E2F3-4B28-9960-63F1E607F208}.Release|Any CPU.ActiveCfg = Release|Any CPU
		{4961D039-E2F3-4B28-9960-63F1E607F208}.Release|Any CPU.Build.0 = Release|Any CPU
		{313D775D-3A9E-4BF2-85D3-93E05FCDE6E0}.Debug|Any CPU.ActiveCfg = Debug|Any CPU
		{313D775D-3A9E-4BF2-85D3-93E05FCDE6E0}.Debug|Any CPU.Build.0 = Debug|Any CPU
		{313D775D-3A9E-4BF2-85D3-93E05FCDE6E0}.Release|Any CPU.ActiveCfg = Release|Any CPU
		{313D775D-3A9E-4BF2-85D3-93E05FCDE6E0}.Release|Any CPU.Build.0 = Release|Any CPU
		{3506FE50-695A-4109-93F1-612DCC11619C}.Debug|Any CPU.ActiveCfg = Debug|Any CPU
		{3506FE50-695A-4109-93F1-612DCC11619C}.Debug|Any CPU.Build.0 = Debug|Any CPU
		{3506FE50-695A-4109-93F1-612DCC11619C}.Release|Any CPU.ActiveCfg = Release|Any CPU
		{3506FE50-695A-4109-93F1-612DCC11619C}.Release|Any CPU.Build.0 = Release|Any CPU
		{452BB44C-DE44-4E1A-B3F5-E07B60663707}.Debug|Any CPU.ActiveCfg = Debug|Any CPU
		{452BB44C-DE44-4E1A-B3F5-E07B60663707}.Debug|Any CPU.Build.0 = Debug|Any CPU
		{452BB44C-DE44-4E1A-B3F5-E07B60663707}.Release|Any CPU.ActiveCfg = Release|Any CPU
		{452BB44C-DE44-4E1A-B3F5-E07B60663707}.Release|Any CPU.Build.0 = Release|Any CPU
	EndGlobalSection
	GlobalSection(SolutionProperties) = preSolution
		HideSolutionNode = FALSE
	EndGlobalSection
	GlobalSection(ExtensibilityGlobals) = postSolution
		SolutionGuid = {9080213C-0C6E-4E0E-99EB-8681F0772831}
	EndGlobalSection
EndGlobal
