
Microsoft Visual Studio Solution File, Format Version 12.00
# Visual Studio Version 17
VisualStudioVersion = 17.0.31903.59
MinimumVisualStudioVersion = 10.0.40219.1
Project("{FAE04EC0-301F-11D3-BF4B-00C04F79EFBC}") = "ContentKnowledgeService.Api", "ContentKnowledgeService.Api\ContentKnowledgeService.Api.csproj", "{D484E985-15CA-4B8D-8619-910D4E1646E6}"
EndProject
Project("{FAE04EC0-301F-11D3-BF4B-00C04F79EFBC}") = "ContentKnowledgeService.Application", "ContentKnowledgeService.Application\ContentKnowledgeService.Application.csproj", "{C569193C-EA2D-40CD-A262-4BD976EB8415}"
EndProject
Project("{FAE04EC0-301F-11D3-BF4B-00C04F79EFBC}") = "ContentKnowledgeService.Domain", "ContentKnowledgeService.Domain\ContentKnowledgeService.Domain.csproj", "{1259285A-7E21-426E-B0CE-92C453233D83}"
EndProject
Project("{FAE04EC0-301F-11D3-BF4B-00C04F79EFBC}") = "ContentKnowledgeService.Infrastructure", "ContentKnowledgeService.Infrastructure\ContentKnowledgeService.Infrastructure.csproj", "{94A3403B-89EB-4290-A2E4-B533431A4823}"
EndProject
Project("{FAE04EC0-301F-11D3-BF4B-00C04F79EFBC}") = "SharedLibrary", "SharedLibrary\SharedLibrary.csproj", "{DF86F149-601B-4C03-A10F-3EE85A5204E1}"
EndProject
Project("{FAE04EC0-301F-11D3-BF4B-00C04F79EFBC}") = "ContentKnowledgeService.Tests", "ContentKnowledgeService.Tests\ContentKnowledgeService.Tests.csproj", "{E77FBDC7-0DE4-44F6-9EE3-87C809ABE2CE}"
EndProject
Global
	GlobalSection(SolutionConfigurationPlatforms) = preSolution
		Debug|Any CPU = Debug|Any CPU
		Debug|x64 = Debug|x64
		Debug|x86 = Debug|x86
		Release|Any CPU = Release|Any CPU
		Release|x64 = Release|x64
		Release|x86 = Release|x86
	EndGlobalSection
	GlobalSection(ProjectConfigurationPlatforms) = postSolution
		{D484E985-15CA-4B8D-8619-910D4E1646E6}.Debug|Any CPU.ActiveCfg = Debug|Any CPU
		{D484E985-15CA-4B8D-8619-910D4E1646E6}.Debug|Any CPU.Build.0 = Debug|Any CPU
		{D484E985-15CA-4B8D-8619-910D4E1646E6}.Debug|x64.ActiveCfg = Debug|Any CPU
		{D484E985-15CA-4B8D-8619-910D4E1646E6}.Debug|x64.Build.0 = Debug|Any CPU
		{D484E985-15CA-4B8D-8619-910D4E1646E6}.Debug|x86.ActiveCfg = Debug|Any CPU
		{D484E985-15CA-4B8D-8619-910D4E1646E6}.Debug|x86.Build.0 = Debug|Any CPU
		{D484E985-15CA-4B8D-8619-910D4E1646E6}.Release|Any CPU.ActiveCfg = Release|Any CPU
		{D484E985-15CA-4B8D-8619-910D4E1646E6}.Release|Any CPU.Build.0 = Release|Any CPU
		{D484E985-15CA-4B8D-8619-910D4E1646E6}.Release|x64.ActiveCfg = Release|Any CPU
		{D484E985-15CA-4B8D-8619-910D4E1646E6}.Release|x64.Build.0 = Release|Any CPU
		{D484E985-15CA-4B8D-8619-910D4E1646E6}.Release|x86.ActiveCfg = Release|Any CPU
		{D484E985-15CA-4B8D-8619-910D4E1646E6}.Release|x86.Build.0 = Release|Any CPU
		{C569193C-EA2D-40CD-A262-4BD976EB8415}.Debug|Any CPU.ActiveCfg = Debug|Any CPU
		{C569193C-EA2D-40CD-A262-4BD976EB8415}.Debug|Any CPU.Build.0 = Debug|Any CPU
		{C569193C-EA2D-40CD-A262-4BD976EB8415}.Debug|x64.ActiveCfg = Debug|Any CPU
		{C569193C-EA2D-40CD-A262-4BD976EB8415}.Debug|x64.Build.0 = Debug|Any CPU
		{C569193C-EA2D-40CD-A262-4BD976EB8415}.Debug|x86.ActiveCfg = Debug|Any CPU
		{C569193C-EA2D-40CD-A262-4BD976EB8415}.Debug|x86.Build.0 = Debug|Any CPU
		{C569193C-EA2D-40CD-A262-4BD976EB8415}.Release|Any CPU.ActiveCfg = Release|Any CPU
		{C569193C-EA2D-40CD-A262-4BD976EB8415}.Release|Any CPU.Build.0 = Release|Any CPU
		{C569193C-EA2D-40CD-A262-4BD976EB8415}.Release|x64.ActiveCfg = Release|Any CPU
		{C569193C-EA2D-40CD-A262-4BD976EB8415}.Release|x64.Build.0 = Release|Any CPU
		{C569193C-EA2D-40CD-A262-4BD976EB8415}.Release|x86.ActiveCfg = Release|Any CPU
		{C569193C-EA2D-40CD-A262-4BD976EB8415}.Release|x86.Build.0 = Release|Any CPU
		{1259285A-7E21-426E-B0CE-92C453233D83}.Debug|Any CPU.ActiveCfg = Debug|Any CPU
		{1259285A-7E21-426E-B0CE-92C453233D83}.Debug|Any CPU.Build.0 = Debug|Any CPU
		{1259285A-7E21-426E-B0CE-92C453233D83}.Debug|x64.ActiveCfg = Debug|Any CPU
		{1259285A-7E21-426E-B0CE-92C453233D83}.Debug|x64.Build.0 = Debug|Any CPU
		{1259285A-7E21-426E-B0CE-92C453233D83}.Debug|x86.ActiveCfg = Debug|Any CPU
		{1259285A-7E21-426E-B0CE-92C453233D83}.Debug|x86.Build.0 = Debug|Any CPU
		{1259285A-7E21-426E-B0CE-92C453233D83}.Release|Any CPU.ActiveCfg = Release|Any CPU
		{1259285A-7E21-426E-B0CE-92C453233D83}.Release|Any CPU.Build.0 = Release|Any CPU
		{1259285A-7E21-426E-B0CE-92C453233D83}.Release|x64.ActiveCfg = Release|Any CPU
		{1259285A-7E21-426E-B0CE-92C453233D83}.Release|x64.Build.0 = Release|Any CPU
		{1259285A-7E21-426E-B0CE-92C453233D83}.Release|x86.ActiveCfg = Release|Any CPU
		{1259285A-7E21-426E-B0CE-92C453233D83}.Release|x86.Build.0 = Release|Any CPU
		{94A3403B-89EB-4290-A2E4-B533431A4823}.Debug|Any CPU.ActiveCfg = Debug|Any CPU
		{94A3403B-89EB-4290-A2E4-B533431A4823}.Debug|Any CPU.Build.0 = Debug|Any CPU
		{94A3403B-89EB-4290-A2E4-B533431A4823}.Debug|x64.ActiveCfg = Debug|Any CPU
		{94A3403B-89EB-4290-A2E4-B533431A4823}.Debug|x64.Build.0 = Debug|Any CPU
		{94A3403B-89EB-4290-A2E4-B533431A4823}.Debug|x86.ActiveCfg = Debug|Any CPU
		{94A3403B-89EB-4290-A2E4-B533431A4823}.Debug|x86.Build.0 = Debug|Any CPU
		{94A3403B-89EB-4290-A2E4-B533431A4823}.Release|Any CPU.ActiveCfg = Release|Any CPU
		{94A3403B-89EB-4290-A2E4-B533431A4823}.Release|Any CPU.Build.0 = Release|Any CPU
		{94A3403B-89EB-4290-A2E4-B533431A4823}.Release|x64.ActiveCfg = Release|Any CPU
		{94A3403B-89EB-4290-A2E4-B533431A4823}.Release|x64.Build.0 = Release|Any CPU
		{94A3403B-89EB-4290-A2E4-B533431A4823}.Release|x86.ActiveCfg = Release|Any CPU
		{94A3403B-89EB-4290-A2E4-B533431A4823}.Release|x86.Build.0 = Release|Any CPU
		{DF86F149-601B-4C03-A10F-3EE85A5204E1}.Debug|Any CPU.ActiveCfg = Debug|Any CPU
		{DF86F149-601B-4C03-A10F-3EE85A5204E1}.Debug|Any CPU.Build.0 = Debug|Any CPU
		{DF86F149-601B-4C03-A10F-3EE85A5204E1}.Debug|x64.ActiveCfg = Debug|Any CPU
		{DF86F149-601B-4C03-A10F-3EE85A5204E1}.Debug|x64.Build.0 = Debug|Any CPU
		{DF86F149-601B-4C03-A10F-3EE85A5204E1}.Debug|x86.ActiveCfg = Debug|Any CPU
		{DF86F149-601B-4C03-A10F-3EE85A5204E1}.Debug|x86.Build.0 = Debug|Any CPU
		{DF86F149-601B-4C03-A10F-3EE85A5204E1}.Release|Any CPU.ActiveCfg = Release|Any CPU
		{DF86F149-601B-4C03-A10F-3EE85A5204E1}.Release|Any CPU.Build.0 = Release|Any CPU
		{DF86F149-601B-4C03-A10F-3EE85A5204E1}.Release|x64.ActiveCfg = Release|Any CPU
		{DF86F149-601B-4C03-A10F-3EE85A5204E1}.Release|x64.Build.0 = Release|Any CPU
		{DF86F149-601B-4C03-A10F-3EE85A5204E1}.Release|x86.ActiveCfg = Release|Any CPU
		{DF86F149-601B-4C03-A10F-3EE85A5204E1}.Release|x86.Build.0 = Release|Any CPU
		{E77FBDC7-0DE4-44F6-9EE3-87C809ABE2CE}.Debug|Any CPU.ActiveCfg = Debug|Any CPU
		{E77FBDC7-0DE4-44F6-9EE3-87C809ABE2CE}.Debug|Any CPU.Build.0 = Debug|Any CPU
		{E77FBDC7-0DE4-44F6-9EE3-87C809ABE2CE}.Debug|x64.ActiveCfg = Debug|Any CPU
		{E77FBDC7-0DE4-44F6-9EE3-87C809ABE2CE}.Debug|x64.Build.0 = Debug|Any CPU
		{E77FBDC7-0DE4-44F6-9EE3-87C809ABE2CE}.Debug|x86.ActiveCfg = Debug|Any CPU
		{E77FBDC7-0DE4-44F6-9EE3-87C809ABE2CE}.Debug|x86.Build.0 = Debug|Any CPU
		{E77FBDC7-0DE4-44F6-9EE3-87C809ABE2CE}.Release|Any CPU.ActiveCfg = Release|Any CPU
		{E77FBDC7-0DE4-44F6-9EE3-87C809ABE2CE}.Release|Any CPU.Build.0 = Release|Any CPU
		{E77FBDC7-0DE4-44F6-9EE3-87C809ABE2CE}.Release|x64.ActiveCfg = Release|Any CPU
		{E77FBDC7-0DE4-44F6-9EE3-87C809ABE2CE}.Release|x64.Build.0 = Release|Any CPU
		{E77FBDC7-0DE4-44F6-9EE3-87C809ABE2CE}.Release|x86.ActiveCfg = Release|Any CPU
		{E77FBDC7-0DE4-44F6-9EE3-87C809ABE2CE}.Release|x86.Build.0 = Release|Any CPU
	EndGlobalSection
	GlobalSection(SolutionProperties) = preSolution
		HideSolutionNode = FALSE
	EndGlobalSection
EndGlobal
